
Microsoft Visual Studio Solution File, Format Version 12.00
# Visual Studio Version 16
VisualStudioVersion = 16.0.32228.343
MinimumVisualStudioVersion = 10.0.40219.1
Project("{FAE04EC0-301F-11D3-BF4B-00C04F79EFBC}") = "ChannelEngine.Domain", "ChannelEngine.Domain\ChannelEngine.Domain.csproj", "{FC60EB39-5D47-45E9-B022-39CC38DA3AF1}"
EndProject
Project("{FAE04EC0-301F-11D3-BF4B-00C04F79EFBC}") = "ChannelEngine.Services", "ChannelEngine.Services\ChannelEngine.Services.csproj", "{9B04C88E-C56D-449B-A3E4-795767BC5F82}"
EndProject
Project("{FAE04EC0-301F-11D3-BF4B-00C04F79EFBC}") = "ChannelEngine.ConsoleApp", "ChannelEngine.ConsoleApp\ChannelEngine.ConsoleApp.csproj", "{716A9E91-D9CF-43B1-A6B7-C7331BA97E2B}"
EndProject
Project("{FAE04EC0-301F-11D3-BF4B-00C04F79EFBC}") = "ChannelEngine.MvcApp", "ChannelEngine.MvcApp\ChannelEngine.MvcApp.csproj", "{C84B34DC-2DF2-47F8-9608-3B0BFD29A9DB}"
EndProject
Project("{FAE04EC0-301F-11D3-BF4B-00C04F79EFBC}") = "ChannelEngine.Tests", "ChannelEngine.Tests\ChannelEngine.Tests.csproj", "{8E544A06-F67C-4985-B92C-04D95E6F8F31}"
EndProject
Global
	GlobalSection(SolutionConfigurationPlatforms) = preSolution
		Debug|Any CPU = Debug|Any CPU
		Release|Any CPU = Release|Any CPU
	EndGlobalSection
	GlobalSection(ProjectConfigurationPlatforms) = postSolution
		{FC60EB39-5D47-45E9-B022-39CC38DA3AF1}.Debug|Any CPU.ActiveCfg = Debug|Any CPU
		{FC60EB39-5D47-45E9-B022-39CC38DA3AF1}.Debug|Any CPU.Build.0 = Debug|Any CPU
		{FC60EB39-5D47-45E9-B022-39CC38DA3AF1}.Release|Any CPU.ActiveCfg = Release|Any CPU
		{FC60EB39-5D47-45E9-B022-39CC38DA3AF1}.Release|Any CPU.Build.0 = Release|Any CPU
		{9B04C88E-C56D-449B-A3E4-795767BC5F82}.Debug|Any CPU.ActiveCfg = Debug|Any CPU
		{9B04C88E-C56D-449B-A3E4-795767BC5F82}.Debug|Any CPU.Build.0 = Debug|Any CPU
		{9B04C88E-C56D-449B-A3E4-795767BC5F82}.Release|Any CPU.ActiveCfg = Release|Any CPU
		{9B04C88E-C56D-449B-A3E4-795767BC5F82}.Release|Any CPU.Build.0 = Release|Any CPU
		{716A9E91-D9CF-43B1-A6B7-C7331BA97E2B}.Debug|Any CPU.ActiveCfg = Debug|Any CPU
		{716A9E91-D9CF-43B1-A6B7-C7331BA97E2B}.Debug|Any CPU.Build.0 = Debug|Any CPU
		{716A9E91-D9CF-43B1-A6B7-C7331BA97E2B}.Release|Any CPU.ActiveCfg = Release|Any CPU
		{716A9E91-D9CF-43B1-A6B7-C7331BA97E2B}.Release|Any CPU.Build.0 = Release|Any CPU
		{C84B34DC-2DF2-47F8-9608-3B0BFD29A9DB}.Debug|Any CPU.ActiveCfg = Debug|Any CPU
		{C84B34DC-2DF2-47F8-9608-3B0BFD29A9DB}.Debug|Any CPU.Build.0 = Debug|Any CPU
		{C84B34DC-2DF2-47F8-9608-3B0BFD29A9DB}.Release|Any CPU.ActiveCfg = Release|Any CPU
		{C84B34DC-2DF2-47F8-9608-3B0BFD29A9DB}.Release|Any CPU.Build.0 = Release|Any CPU
		{8E544A06-F67C-4985-B92C-04D95E6F8F31}.Debug|Any CPU.ActiveCfg = Debug|Any CPU
		{8E544A06-F67C-4985-B92C-04D95E6F8F31}.Debug|Any CPU.Build.0 = Debug|Any CPU
		{8E544A06-F67C-4985-B92C-04D95E6F8F31}.Release|Any CPU.ActiveCfg = Release|Any CPU
		{8E544A06-F67C-4985-B92C-04D95E6F8F31}.Release|Any CPU.Build.0 = Release|Any CPU
	EndGlobalSection
	GlobalSection(SolutionProperties) = preSolution
		HideSolutionNode = FALSE
	EndGlobalSection
	GlobalSection(ExtensibilityGlobals) = postSolution
		SolutionGuid = {0B3E8873-B1F3-4D56-94E3-22876C26A283}
	EndGlobalSection
EndGlobal
